
Microsoft Visual Studio Solution File, Format Version 12.00
# Visual Studio Version 16
VisualStudioVersion = 16.0.31624.102
MinimumVisualStudioVersion = 10.0.40219.1
Project("{FAE04EC0-301F-11D3-BF4B-00C04F79EFBC}") = "Flota", "Flota.csproj", "{0659B3E1-33E8-40A0-8900-FEB96886E42B}"
EndProject
Global
	GlobalSection(SolutionConfigurationPlatforms) = preSolution
		Debug|Any CPU = Debug|Any CPU
		Release|Any CPU = Release|Any CPU
	EndGlobalSection
	GlobalSection(ProjectConfigurationPlatforms) = postSolution
		{0659B3E1-33E8-40A0-8900-FEB96886E42B}.Debug|Any CPU.ActiveCfg = Debug|Any CPU
		{0659B3E1-33E8-40A0-8900-FEB96886E42B}.Debug|Any CPU.Build.0 = Debug|Any CPU
		{0659B3E1-33E8-40A0-8900-FEB96886E42B}.Release|Any CPU.ActiveCfg = Release|Any CPU
		{0659B3E1-33E8-40A0-8900-FEB96886E42B}.Release|Any CPU.Build.0 = Release|Any CPU
	EndGlobalSection
	GlobalSection(SolutionProperties) = preSolution
		HideSolutionNode = FALSE
	EndGlobalSection
	GlobalSection(ExtensibilityGlobals) = postSolution
		SolutionGuid = {813228F5-0E6B-4BF4-90D1-F35785B00A1C}
	EndGlobalSection
EndGlobal
